
Microsoft Visual Studio Solution File, Format Version 12.00
# Visual Studio Version 17
VisualStudioVersion = 17.14.36518.9 d17.14
MinimumVisualStudioVersion = 10.0.40219.1
Project("{FAE04EC0-301F-11D3-BF4B-00C04F79EFBC}") = "NoPineappleOnPizza", "NoPineappleOnPizza.csproj", "{D8FAF529-73D9-85CE-11E6-2B4750FA826F}"
EndProject
Global
	GlobalSection(SolutionConfigurationPlatforms) = preSolution
		Debug|Any CPU = Debug|Any CPU
		Release|Any CPU = Release|Any CPU
	EndGlobalSection
	GlobalSection(ProjectConfigurationPlatforms) = postSolution
		{D8FAF529-73D9-85CE-11E6-2B4750FA826F}.Debug|Any CPU.ActiveCfg = Debug|Any CPU
		{D8FAF529-73D9-85CE-11E6-2B4750FA826F}.Debug|Any CPU.Build.0 = Debug|Any CPU
		{D8FAF529-73D9-85CE-11E6-2B4750FA826F}.Release|Any CPU.ActiveCfg = Release|Any CPU
		{D8FAF529-73D9-85CE-11E6-2B4750FA826F}.Release|Any CPU.Build.0 = Release|Any CPU
	EndGlobalSection
	GlobalSection(SolutionProperties) = preSolution
		HideSolutionNode = FALSE
	EndGlobalSection
	GlobalSection(ExtensibilityGlobals) = postSolution
		SolutionGuid = {5D314C56-5FB7-4623-A2A5-DAD4EEE5FB8E}
	EndGlobalSection
EndGlobal
